// !$*UTF8*$!
{
	archiveVersion = 1;
	classes = {
	};
	objectVersion = 50;
	objects = {

/* Begin PBXBuildFile section */
		01253CAD24A22C5500B025C2 /* UserCell.swift in Sources */ = {isa = PBXBuildFile; fileRef = 01253CAC24A22C5500B025C2 /* UserCell.swift */; };
		01253CAF24A4965A00B025C2 /* UIViewController + Extention.swift in Sources */ = {isa = PBXBuildFile; fileRef = 01253CAE24A4965A00B025C2 /* UIViewController + Extention.swift */; };
		01253CB124A5C90300B025C2 /* ProfileViewController.swift in Sources */ = {isa = PBXBuildFile; fileRef = 01253CB024A5C90300B025C2 /* ProfileViewController.swift */; };
		0135DF3C249A10FC000E88FD /* GradientView.swift in Sources */ = {isa = PBXBuildFile; fileRef = 0135DF3B249A10FC000E88FD /* GradientView.swift */; };
		0135DF3E249A1D72000E88FD /* WaitingChatCell.swift in Sources */ = {isa = PBXBuildFile; fileRef = 0135DF3D249A1D72000E88FD /* WaitingChatCell.swift */; };
		0135DF40249A1D8B000E88FD /* CellConfigureProtocol.swift in Sources */ = {isa = PBXBuildFile; fileRef = 0135DF3F249A1D8B000E88FD /* CellConfigureProtocol.swift */; };
		019BDC22244B7A1D00DB658A /* ActiveChatCell.swift in Sources */ = {isa = PBXBuildFile; fileRef = 019BDC21244B7A1D00DB658A /* ActiveChatCell.swift */; };
		01AEC5F924A1D2EA00FF4303 /* MChat.swift in Sources */ = {isa = PBXBuildFile; fileRef = 01AEC5F824A1D2EA00FF4303 /* MChat.swift */; };
		01AEC5FC24A1D4AD00FF4303 /* SectionHeader.swift in Sources */ = {isa = PBXBuildFile; fileRef = 01AEC5FB24A1D4AD00FF4303 /* SectionHeader.swift */; };
		01AEC5FE24A2015700FF4303 /* users.json in Resources */ = {isa = PBXBuildFile; fileRef = 01AEC5FD24A2015700FF4303 /* users.json */; };
		01AEC60224A201D100FF4303 /* MUser.swift in Sources */ = {isa = PBXBuildFile; fileRef = 01AEC60124A201D100FF4303 /* MUser.swift */; };
		01E9669B242B84C600941200 /* AppDelegate.swift in Sources */ = {isa = PBXBuildFile; fileRef = 01E9669A242B84C600941200 /* AppDelegate.swift */; };
		01E9669D242B84C600941200 /* SceneDelegate.swift in Sources */ = {isa = PBXBuildFile; fileRef = 01E9669C242B84C600941200 /* SceneDelegate.swift */; };
		01E9669F242B84C600941200 /* AuthViewController.swift in Sources */ = {isa = PBXBuildFile; fileRef = 01E9669E242B84C600941200 /* AuthViewController.swift */; };
		01E966A4242B84CB00941200 /* Assets.xcassets in Resources */ = {isa = PBXBuildFile; fileRef = 01E966A3242B84CB00941200 /* Assets.xcassets */; };
		01E966A7242B84CB00941200 /* LaunchScreen.storyboard in Resources */ = {isa = PBXBuildFile; fileRef = 01E966A5242B84CB00941200 /* LaunchScreen.storyboard */; };
		01E966AF242B8B7400941200 /* UIButton + Extention.swift in Sources */ = {isa = PBXBuildFile; fileRef = 01E966AE242B8B7400941200 /* UIButton + Extention.swift */; };
		01EAE069242DE75A0003D713 /* UIStackView + Extention .swift in Sources */ = {isa = PBXBuildFile; fileRef = 01EAE068242DE75A0003D713 /* UIStackView + Extention .swift */; };
		01EAE06B242DFB190003D713 /* LoginViewController.swift in Sources */ = {isa = PBXBuildFile; fileRef = 01EAE06A242DFB190003D713 /* LoginViewController.swift */; };
		01ED9DAE24B466D500AB664A /* InsertableTextField.swift in Sources */ = {isa = PBXBuildFile; fileRef = 01ED9DAD24B466D500AB664A /* InsertableTextField.swift */; };
		01ED9DB024B46E0A00AB664A /* UIView + Extension.swift in Sources */ = {isa = PBXBuildFile; fileRef = 01ED9DAF24B46E0A00AB664A /* UIView + Extension.swift */; };
		01ED9DB224B5796700AB664A /* ChatRequestViewController.swift in Sources */ = {isa = PBXBuildFile; fileRef = 01ED9DB124B5796700AB664A /* ChatRequestViewController.swift */; };
		01ED9DB424B5895400AB664A /* GoogleService-Info.plist in Resources */ = {isa = PBXBuildFile; fileRef = 01ED9DB324B5895400AB664A /* GoogleService-Info.plist */; };
		01FF33922444AFDA00B406B4 /* SetUpProfileViewController.swift in Sources */ = {isa = PBXBuildFile; fileRef = 01FF33912444AFDA00B406B4 /* SetUpProfileViewController.swift */; };
		01FF33942444B3CB00B406B4 /* AddPhotoView.swift in Sources */ = {isa = PBXBuildFile; fileRef = 01FF33932444B3CB00B406B4 /* AddPhotoView.swift */; };
		01FF33962445AC9E00B406B4 /* UISegmentedControl + Extention.swift in Sources */ = {isa = PBXBuildFile; fileRef = 01FF33952445AC9D00B406B4 /* UISegmentedControl + Extention.swift */; };
		01FF33992445B86B00B406B4 /* ListViewController.swift in Sources */ = {isa = PBXBuildFile; fileRef = 01FF33982445B86B00B406B4 /* ListViewController.swift */; };
		01FF339B2445BA0400B406B4 /* MainTabBarViewController.swift in Sources */ = {isa = PBXBuildFile; fileRef = 01FF339A2445BA0400B406B4 /* MainTabBarViewController.swift */; };
		01FF339D2445BA4700B406B4 /* PeopleViewController.swift in Sources */ = {isa = PBXBuildFile; fileRef = 01FF339C2445BA4700B406B4 /* PeopleViewController.swift */; };
		01FF339F244B6BBA00B406B4 /* activeChats.json in Resources */ = {isa = PBXBuildFile; fileRef = 01FF339E244B6BBA00B406B4 /* activeChats.json */; };
		01FF33A1244B6BC700B406B4 /* waitingChats.json in Resources */ = {isa = PBXBuildFile; fileRef = 01FF33A0244B6BC700B406B4 /* waitingChats.json */; };
		01FF33A3244B6C6900B406B4 /* Bundle - Decodable.swift in Sources */ = {isa = PBXBuildFile; fileRef = 01FF33A2244B6C6900B406B4 /* Bundle - Decodable.swift */; };
		144DB036242DDBF400275CB7 /* SignUpVCProvider.swift in Sources */ = {isa = PBXBuildFile; fileRef = 144DB035242DDBF400275CB7 /* SignUpVCProvider.swift */; };
		144DB039242DE04700275CB7 /* OneLineCustomTextField.swift in Sources */ = {isa = PBXBuildFile; fileRef = 144DB038242DE04700275CB7 /* OneLineCustomTextField.swift */; };
		14E5D40C242C94C9002CCC2F /* UIFont + Extention.swift in Sources */ = {isa = PBXBuildFile; fileRef = 14E5D40B242C94C9002CCC2F /* UIFont + Extention.swift */; };
		14E5D40E242C97B8002CCC2F /* UIColor + Extention.swift in Sources */ = {isa = PBXBuildFile; fileRef = 14E5D40D242C97B8002CCC2F /* UIColor + Extention.swift */; };
		14E5D411242C9BB4002CCC2F /* UILabel + Extention.swift in Sources */ = {isa = PBXBuildFile; fileRef = 14E5D410242C9BB4002CCC2F /* UILabel + Extention.swift */; };
		14E5D413242C9D15002CCC2F /* UIImageView + Extension.swift in Sources */ = {isa = PBXBuildFile; fileRef = 14E5D412242C9D15002CCC2F /* UIImageView + Extension.swift */; };
		14E5D416242CA2EB002CCC2F /* ButtonFormCustomView.swift in Sources */ = {isa = PBXBuildFile; fileRef = 14E5D415242CA2EB002CCC2F /* ButtonFormCustomView.swift */; };
/* End PBXBuildFile section */

/* Begin PBXFileReference section */
		01253CAC24A22C5500B025C2 /* UserCell.swift */ = {isa = PBXFileReference; lastKnownFileType = sourcecode.swift; path = UserCell.swift; sourceTree = "<group>"; };
		01253CAE24A4965A00B025C2 /* UIViewController + Extention.swift */ = {isa = PBXFileReference; lastKnownFileType = sourcecode.swift; path = "UIViewController + Extention.swift"; sourceTree = "<group>"; };
		01253CB024A5C90300B025C2 /* ProfileViewController.swift */ = {isa = PBXFileReference; lastKnownFileType = sourcecode.swift; path = ProfileViewController.swift; sourceTree = "<group>"; };
		0135DF3B249A10FC000E88FD /* GradientView.swift */ = {isa = PBXFileReference; lastKnownFileType = sourcecode.swift; path = GradientView.swift; sourceTree = "<group>"; };
		0135DF3D249A1D72000E88FD /* WaitingChatCell.swift */ = {isa = PBXFileReference; lastKnownFileType = sourcecode.swift; path = WaitingChatCell.swift; sourceTree = "<group>"; };
		0135DF3F249A1D8B000E88FD /* CellConfigureProtocol.swift */ = {isa = PBXFileReference; lastKnownFileType = sourcecode.swift; path = CellConfigureProtocol.swift; sourceTree = "<group>"; };
		019BDC21244B7A1D00DB658A /* ActiveChatCell.swift */ = {isa = PBXFileReference; lastKnownFileType = sourcecode.swift; path = ActiveChatCell.swift; sourceTree = "<group>"; };
		01AEC5F824A1D2EA00FF4303 /* MChat.swift */ = {isa = PBXFileReference; lastKnownFileType = sourcecode.swift; path = MChat.swift; sourceTree = "<group>"; };
		01AEC5FB24A1D4AD00FF4303 /* SectionHeader.swift */ = {isa = PBXFileReference; lastKnownFileType = sourcecode.swift; path = SectionHeader.swift; sourceTree = "<group>"; };
		01AEC5FD24A2015700FF4303 /* users.json */ = {isa = PBXFileReference; fileEncoding = 4; lastKnownFileType = text.json; path = users.json; sourceTree = "<group>"; };
		01AEC60124A201D100FF4303 /* MUser.swift */ = {isa = PBXFileReference; lastKnownFileType = sourcecode.swift; path = MUser.swift; sourceTree = "<group>"; };
		01E96697242B84C600941200 /* ChatApp.app */ = {isa = PBXFileReference; explicitFileType = wrapper.application; includeInIndex = 0; path = ChatApp.app; sourceTree = BUILT_PRODUCTS_DIR; };
		01E9669A242B84C600941200 /* AppDelegate.swift */ = {isa = PBXFileReference; lastKnownFileType = sourcecode.swift; path = AppDelegate.swift; sourceTree = "<group>"; };
		01E9669C242B84C600941200 /* SceneDelegate.swift */ = {isa = PBXFileReference; lastKnownFileType = sourcecode.swift; path = SceneDelegate.swift; sourceTree = "<group>"; };
		01E9669E242B84C600941200 /* AuthViewController.swift */ = {isa = PBXFileReference; lastKnownFileType = sourcecode.swift; path = AuthViewController.swift; sourceTree = "<group>"; };
		01E966A3242B84CB00941200 /* Assets.xcassets */ = {isa = PBXFileReference; lastKnownFileType = folder.assetcatalog; path = Assets.xcassets; sourceTree = "<group>"; };
		01E966A6242B84CB00941200 /* Base */ = {isa = PBXFileReference; lastKnownFileType = file.storyboard; name = Base; path = Base.lproj/LaunchScreen.storyboard; sourceTree = "<group>"; };
		01E966A8242B84CB00941200 /* Info.plist */ = {isa = PBXFileReference; lastKnownFileType = text.plist.xml; path = Info.plist; sourceTree = "<group>"; };
		01E966AE242B8B7400941200 /* UIButton + Extention.swift */ = {isa = PBXFileReference; lastKnownFileType = sourcecode.swift; path = "UIButton + Extention.swift"; sourceTree = "<group>"; };
		01EAE068242DE75A0003D713 /* UIStackView + Extention .swift */ = {isa = PBXFileReference; lastKnownFileType = sourcecode.swift; path = "UIStackView + Extention .swift"; sourceTree = "<group>"; };
		01EAE06A242DFB190003D713 /* LoginViewController.swift */ = {isa = PBXFileReference; lastKnownFileType = sourcecode.swift; path = LoginViewController.swift; sourceTree = "<group>"; };
		01ED9DAD24B466D500AB664A /* InsertableTextField.swift */ = {isa = PBXFileReference; lastKnownFileType = sourcecode.swift; path = InsertableTextField.swift; sourceTree = "<group>"; };
		01ED9DAF24B46E0A00AB664A /* UIView + Extension.swift */ = {isa = PBXFileReference; lastKnownFileType = sourcecode.swift; path = "UIView + Extension.swift"; sourceTree = "<group>"; };
		01ED9DB124B5796700AB664A /* ChatRequestViewController.swift */ = {isa = PBXFileReference; lastKnownFileType = sourcecode.swift; path = ChatRequestViewController.swift; sourceTree = "<group>"; };
		01ED9DB324B5895400AB664A /* GoogleService-Info.plist */ = {isa = PBXFileReference; fileEncoding = 4; lastKnownFileType = text.plist.xml; path = "GoogleService-Info.plist"; sourceTree = "<group>"; };
		01FF33912444AFDA00B406B4 /* SetUpProfileViewController.swift */ = {isa = PBXFileReference; lastKnownFileType = sourcecode.swift; path = SetUpProfileViewController.swift; sourceTree = "<group>"; };
		01FF33932444B3CB00B406B4 /* AddPhotoView.swift */ = {isa = PBXFileReference; lastKnownFileType = sourcecode.swift; path = AddPhotoView.swift; sourceTree = "<group>"; };
		01FF33952445AC9D00B406B4 /* UISegmentedControl + Extention.swift */ = {isa = PBXFileReference; lastKnownFileType = sourcecode.swift; path = "UISegmentedControl + Extention.swift"; sourceTree = "<group>"; };
		01FF33982445B86B00B406B4 /* ListViewController.swift */ = {isa = PBXFileReference; lastKnownFileType = sourcecode.swift; path = ListViewController.swift; sourceTree = "<group>"; };
		01FF339A2445BA0400B406B4 /* MainTabBarViewController.swift */ = {isa = PBXFileReference; lastKnownFileType = sourcecode.swift; path = MainTabBarViewController.swift; sourceTree = "<group>"; };
		01FF339C2445BA4700B406B4 /* PeopleViewController.swift */ = {isa = PBXFileReference; lastKnownFileType = sourcecode.swift; path = PeopleViewController.swift; sourceTree = "<group>"; };
		01FF339E244B6BBA00B406B4 /* activeChats.json */ = {isa = PBXFileReference; fileEncoding = 4; lastKnownFileType = text.json; path = activeChats.json; sourceTree = "<group>"; };
		01FF33A0244B6BC700B406B4 /* waitingChats.json */ = {isa = PBXFileReference; fileEncoding = 4; lastKnownFileType = text.json; path = waitingChats.json; sourceTree = "<group>"; };
		01FF33A2244B6C6900B406B4 /* Bundle - Decodable.swift */ = {isa = PBXFileReference; lastKnownFileType = sourcecode.swift; path = "Bundle - Decodable.swift"; sourceTree = "<group>"; };
		144DB035242DDBF400275CB7 /* SignUpVCProvider.swift */ = {isa = PBXFileReference; lastKnownFileType = sourcecode.swift; path = SignUpVCProvider.swift; sourceTree = "<group>"; };
		144DB038242DE04700275CB7 /* OneLineCustomTextField.swift */ = {isa = PBXFileReference; lastKnownFileType = sourcecode.swift; path = OneLineCustomTextField.swift; sourceTree = "<group>"; };
		14E5D40B242C94C9002CCC2F /* UIFont + Extention.swift */ = {isa = PBXFileReference; lastKnownFileType = sourcecode.swift; path = "UIFont + Extention.swift"; sourceTree = "<group>"; };
		14E5D40D242C97B8002CCC2F /* UIColor + Extention.swift */ = {isa = PBXFileReference; lastKnownFileType = sourcecode.swift; path = "UIColor + Extention.swift"; sourceTree = "<group>"; };
		14E5D410242C9BB4002CCC2F /* UILabel + Extention.swift */ = {isa = PBXFileReference; lastKnownFileType = sourcecode.swift; path = "UILabel + Extention.swift"; sourceTree = "<group>"; };
		14E5D412242C9D15002CCC2F /* UIImageView + Extension.swift */ = {isa = PBXFileReference; lastKnownFileType = sourcecode.swift; path = "UIImageView + Extension.swift"; sourceTree = "<group>"; };
		14E5D415242CA2EB002CCC2F /* ButtonFormCustomView.swift */ = {isa = PBXFileReference; lastKnownFileType = sourcecode.swift; path = ButtonFormCustomView.swift; sourceTree = "<group>"; };
/* End PBXFileReference section */

/* Begin PBXFrameworksBuildPhase section */
		01E96694242B84C600941200 /* Frameworks */ = {
			isa = PBXFrameworksBuildPhase;
			buildActionMask = 2147483647;
			files = (
			);
			runOnlyForDeploymentPostprocessing = 0;
		};
/* End PBXFrameworksBuildPhase section */

/* Begin PBXGroup section */
		019BDC23244B7A2700DB658A /* Cell */ = {
			isa = PBXGroup;
			children = (
				01253CAC24A22C5500B025C2 /* UserCell.swift */,
				019BDC21244B7A1D00DB658A /* ActiveChatCell.swift */,
				0135DF3D249A1D72000E88FD /* WaitingChatCell.swift */,
			);
			path = Cell;
			sourceTree = "<group>";
		};
		01AEC5FA24A1D2F500FF4303 /* Models */ = {
			isa = PBXGroup;
			children = (
				01AEC5F824A1D2EA00FF4303 /* MChat.swift */,
				01AEC60124A201D100FF4303 /* MUser.swift */,
			);
			path = Models;
			sourceTree = "<group>";
		};
		01AEC60324A2072F00FF4303 /* Header */ = {
			isa = PBXGroup;
			children = (
				01AEC5FB24A1D4AD00FF4303 /* SectionHeader.swift */,
			);
			path = Header;
			sourceTree = "<group>";
		};
		01E9668E242B84C500941200 = {
			isa = PBXGroup;
			children = (
				01E96699242B84C600941200 /* ChatApp */,
				01E96698242B84C600941200 /* Products */,
			);
			sourceTree = "<group>";
		};
		01E96698242B84C600941200 /* Products */ = {
			isa = PBXGroup;
			children = (
				01E96697242B84C600941200 /* ChatApp.app */,
			);
			name = Products;
			sourceTree = "<group>";
		};
		01E96699242B84C600941200 /* ChatApp */ = {
			isa = PBXGroup;
			children = (
				01E9669A242B84C600941200 /* AppDelegate.swift */,
				01FF339E244B6BBA00B406B4 /* activeChats.json */,
				01AEC5FD24A2015700FF4303 /* users.json */,
				01FF33A0244B6BC700B406B4 /* waitingChats.json */,
				01E9669C242B84C600941200 /* SceneDelegate.swift */,
				01AEC5FA24A1D2F500FF4303 /* Models */,
				144DB037242DDC0200275CB7 /* ViewControllers */,
				019BDC23244B7A2700DB658A /* Cell */,
				01FCE1D2249A27A600B2569C /* Protocols */,
				14E5D40F242C9907002CCC2F /* Extentions */,
				01E966A3242B84CB00941200 /* Assets.xcassets */,
				01E966A5242B84CB00941200 /* LaunchScreen.storyboard */,
				01E966A8242B84CB00941200 /* Info.plist */,
				01ED9DB324B5895400AB664A /* GoogleService-Info.plist */,
			);
			path = ChatApp;
			sourceTree = "<group>";
		};
		01FCE1D2249A27A600B2569C /* Protocols */ = {
			isa = PBXGroup;
			children = (
				0135DF3F249A1D8B000E88FD /* CellConfigureProtocol.swift */,
			);
			path = Protocols;
			sourceTree = "<group>";
		};
		01FF33972445B3D900B406B4 /* loginVC */ = {
			isa = PBXGroup;
			children = (
				01E9669E242B84C600941200 /* AuthViewController.swift */,
				144DB035242DDBF400275CB7 /* SignUpVCProvider.swift */,
				01EAE06A242DFB190003D713 /* LoginViewController.swift */,
				01FF33912444AFDA00B406B4 /* SetUpProfileViewController.swift */,
			);
			path = loginVC;
			sourceTree = "<group>";
		};
		144DB037242DDC0200275CB7 /* ViewControllers */ = {
			isa = PBXGroup;
			children = (
				01FF33972445B3D900B406B4 /* loginVC */,
				01FF33982445B86B00B406B4 /* ListViewController.swift */,
				01FF339A2445BA0400B406B4 /* MainTabBarViewController.swift */,
				01FF339C2445BA4700B406B4 /* PeopleViewController.swift */,
				01253CB024A5C90300B025C2 /* ProfileViewController.swift */,
				01ED9DB124B5796700AB664A /* ChatRequestViewController.swift */,
				01AEC60324A2072F00FF4303 /* Header */,
			);
			path = ViewControllers;
			sourceTree = "<group>";
		};
		14E5D40F242C9907002CCC2F /* Extentions */ = {
			isa = PBXGroup;
			children = (
				144DB038242DE04700275CB7 /* OneLineCustomTextField.swift */,
				01ED9DAD24B466D500AB664A /* InsertableTextField.swift */,
				14E5D415242CA2EB002CCC2F /* ButtonFormCustomView.swift */,
				01FF33A2244B6C6900B406B4 /* Bundle - Decodable.swift */,
				01FF33932444B3CB00B406B4 /* AddPhotoView.swift */,
				0135DF3B249A10FC000E88FD /* GradientView.swift */,
				14E5D414242CA0FF002CCC2F /* UIKit */,
			);
			path = Extentions;
			sourceTree = "<group>";
		};
		14E5D414242CA0FF002CCC2F /* UIKit */ = {
			isa = PBXGroup;
			children = (
				14E5D40D242C97B8002CCC2F /* UIColor + Extention.swift */,
				01253CAE24A4965A00B025C2 /* UIViewController + Extention.swift */,
				14E5D410242C9BB4002CCC2F /* UILabel + Extention.swift */,
				01E966AE242B8B7400941200 /* UIButton + Extention.swift */,
				01EAE068242DE75A0003D713 /* UIStackView + Extention .swift */,
				01ED9DAF24B46E0A00AB664A /* UIView + Extension.swift */,
				01FF33952445AC9D00B406B4 /* UISegmentedControl + Extention.swift */,
				14E5D412242C9D15002CCC2F /* UIImageView + Extension.swift */,
				14E5D40B242C94C9002CCC2F /* UIFont + Extention.swift */,
			);
			path = UIKit;
			sourceTree = "<group>";
		};
/* End PBXGroup section */

/* Begin PBXNativeTarget section */
		01E96696242B84C600941200 /* ChatApp */ = {
			isa = PBXNativeTarget;
			buildConfigurationList = 01E966AB242B84CB00941200 /* Build configuration list for PBXNativeTarget "ChatApp" */;
			buildPhases = (
				01E96693242B84C600941200 /* Sources */,
				01E96694242B84C600941200 /* Frameworks */,
				01E96695242B84C600941200 /* Resources */,
			);
			buildRules = (
			);
			dependencies = (
			);
			name = ChatApp;
			productName = ChatApp;
			productReference = 01E96697242B84C600941200 /* ChatApp.app */;
			productType = "com.apple.product-type.application";
		};
/* End PBXNativeTarget section */

/* Begin PBXProject section */
		01E9668F242B84C500941200 /* Project object */ = {
			isa = PBXProject;
			attributes = {
				LastSwiftUpdateCheck = 1130;
				LastUpgradeCheck = 1130;
				ORGANIZATIONNAME = "Инна Лаптева";
				TargetAttributes = {
					01E96696242B84C600941200 = {
						CreatedOnToolsVersion = 11.3.1;
					};
				};
			};
			buildConfigurationList = 01E96692242B84C500941200 /* Build configuration list for PBXProject "ChatApp" */;
			compatibilityVersion = "Xcode 9.3";
			developmentRegion = en;
			hasScannedForEncodings = 0;
			knownRegions = (
				en,
				Base,
			);
			mainGroup = 01E9668E242B84C500941200;
			productRefGroup = 01E96698242B84C600941200 /* Products */;
			projectDirPath = "";
			projectRoot = "";
			targets = (
				01E96696242B84C600941200 /* ChatApp */,
			);
		};
/* End PBXProject section */

/* Begin PBXResourcesBuildPhase section */
		01E96695242B84C600941200 /* Resources */ = {
			isa = PBXResourcesBuildPhase;
			buildActionMask = 2147483647;
			files = (
				01AEC5FE24A2015700FF4303 /* users.json in Resources */,
				01E966A7242B84CB00941200 /* LaunchScreen.storyboard in Resources */,
				01FF339F244B6BBA00B406B4 /* activeChats.json in Resources */,
				01E966A4242B84CB00941200 /* Assets.xcassets in Resources */,
				01FF33A1244B6BC700B406B4 /* waitingChats.json in Resources */,
				01ED9DB424B5895400AB664A /* GoogleService-Info.plist in Resources */,
			);
			runOnlyForDeploymentPostprocessing = 0;
		};
/* End PBXResourcesBuildPhase section */

/* Begin PBXSourcesBuildPhase section */
		01E96693242B84C600941200 /* Sources */ = {
			isa = PBXSourcesBuildPhase;
			buildActionMask = 2147483647;
			files = (
				01FF33992445B86B00B406B4 /* ListViewController.swift in Sources */,
				144DB036242DDBF400275CB7 /* SignUpVCProvider.swift in Sources */,
				0135DF40249A1D8B000E88FD /* CellConfigureProtocol.swift in Sources */,
				0135DF3C249A10FC000E88FD /* GradientView.swift in Sources */,
				14E5D40E242C97B8002CCC2F /* UIColor + Extention.swift in Sources */,
				01FF339B2445BA0400B406B4 /* MainTabBarViewController.swift in Sources */,
				019BDC22244B7A1D00DB658A /* ActiveChatCell.swift in Sources */,
				01FF33922444AFDA00B406B4 /* SetUpProfileViewController.swift in Sources */,
				01FF339D2445BA4700B406B4 /* PeopleViewController.swift in Sources */,
				01FF33962445AC9E00B406B4 /* UISegmentedControl + Extention.swift in Sources */,
				01ED9DAE24B466D500AB664A /* InsertableTextField.swift in Sources */,
				01E966AF242B8B7400941200 /* UIButton + Extention.swift in Sources */,
				01E9669F242B84C600941200 /* AuthViewController.swift in Sources */,
				01253CB124A5C90300B025C2 /* ProfileViewController.swift in Sources */,
				01AEC5FC24A1D4AD00FF4303 /* SectionHeader.swift in Sources */,
				01ED9DB224B5796700AB664A /* ChatRequestViewController.swift in Sources */,
				01E9669B242B84C600941200 /* AppDelegate.swift in Sources */,
				01EAE069242DE75A0003D713 /* UIStackView + Extention .swift in Sources */,
				01FF33942444B3CB00B406B4 /* AddPhotoView.swift in Sources */,
				144DB039242DE04700275CB7 /* OneLineCustomTextField.swift in Sources */,
				01FF33A3244B6C6900B406B4 /* Bundle - Decodable.swift in Sources */,
				01ED9DB024B46E0A00AB664A /* UIView + Extension.swift in Sources */,
				14E5D413242C9D15002CCC2F /* UIImageView + Extension.swift in Sources */,
				01AEC60224A201D100FF4303 /* MUser.swift in Sources */,
				01253CAD24A22C5500B025C2 /* UserCell.swift in Sources */,
				0135DF3E249A1D72000E88FD /* WaitingChatCell.swift in Sources */,
				01253CAF24A4965A00B025C2 /* UIViewController + Extention.swift in Sources */,
				01E9669D242B84C600941200 /* SceneDelegate.swift in Sources */,
				14E5D416242CA2EB002CCC2F /* ButtonFormCustomView.swift in Sources */,
				01AEC5F924A1D2EA00FF4303 /* MChat.swift in Sources */,
				14E5D40C242C94C9002CCC2F /* UIFont + Extention.swift in Sources */,
				01EAE06B242DFB190003D713 /* LoginViewController.swift in Sources */,
				14E5D411242C9BB4002CCC2F /* UILabel + Extention.swift in Sources */,
			);
			runOnlyForDeploymentPostprocessing = 0;
		};
/* End PBXSourcesBuildPhase section */

/* Begin PBXVariantGroup section */
		01E966A5242B84CB00941200 /* LaunchScreen.storyboard */ = {
			isa = PBXVariantGroup;
			children = (
				01E966A6242B84CB00941200 /* Base */,
			);
			name = LaunchScreen.storyboard;
			sourceTree = "<group>";
		};
/* End PBXVariantGroup section */

/* Begin XCBuildConfiguration section */
		01E966A9242B84CB00941200 /* Debug */ = {
			isa = XCBuildConfiguration;
			buildSettings = {
				ALWAYS_SEARCH_USER_PATHS = NO;
				CLANG_ANALYZER_NONNULL = YES;
				CLANG_ANALYZER_NUMBER_OBJECT_CONVERSION = YES_AGGRESSIVE;
				CLANG_CXX_LANGUAGE_STANDARD = "gnu++14";
				CLANG_CXX_LIBRARY = "libc++";
				CLANG_ENABLE_MODULES = YES;
				CLANG_ENABLE_OBJC_ARC = YES;
				CLANG_ENABLE_OBJC_WEAK = YES;
				CLANG_WARN_BLOCK_CAPTURE_AUTORELEASING = YES;
				CLANG_WARN_BOOL_CONVERSION = YES;
				CLANG_WARN_COMMA = YES;
				CLANG_WARN_CONSTANT_CONVERSION = YES;
				CLANG_WARN_DEPRECATED_OBJC_IMPLEMENTATIONS = YES;
				CLANG_WARN_DIRECT_OBJC_ISA_USAGE = YES_ERROR;
				CLANG_WARN_DOCUMENTATION_COMMENTS = YES;
				CLANG_WARN_EMPTY_BODY = YES;
				CLANG_WARN_ENUM_CONVERSION = YES;
				CLANG_WARN_INFINITE_RECURSION = YES;
				CLANG_WARN_INT_CONVERSION = YES;
				CLANG_WARN_NON_LITERAL_NULL_CONVERSION = YES;
				CLANG_WARN_OBJC_IMPLICIT_RETAIN_SELF = YES;
				CLANG_WARN_OBJC_LITERAL_CONVERSION = YES;
				CLANG_WARN_OBJC_ROOT_CLASS = YES_ERROR;
				CLANG_WARN_RANGE_LOOP_ANALYSIS = YES;
				CLANG_WARN_STRICT_PROTOTYPES = YES;
				CLANG_WARN_SUSPICIOUS_MOVE = YES;
				CLANG_WARN_UNGUARDED_AVAILABILITY = YES_AGGRESSIVE;
				CLANG_WARN_UNREACHABLE_CODE = YES;
				CLANG_WARN__DUPLICATE_METHOD_MATCH = YES;
				COPY_PHASE_STRIP = NO;
				DEBUG_INFORMATION_FORMAT = dwarf;
				ENABLE_STRICT_OBJC_MSGSEND = YES;
				ENABLE_TESTABILITY = YES;
				GCC_C_LANGUAGE_STANDARD = gnu11;
				GCC_DYNAMIC_NO_PIC = NO;
				GCC_NO_COMMON_BLOCKS = YES;
				GCC_OPTIMIZATION_LEVEL = 0;
				GCC_PREPROCESSOR_DEFINITIONS = (
					"DEBUG=1",
					"$(inherited)",
				);
				GCC_WARN_64_TO_32_BIT_CONVERSION = YES;
				GCC_WARN_ABOUT_RETURN_TYPE = YES_ERROR;
				GCC_WARN_UNDECLARED_SELECTOR = YES;
				GCC_WARN_UNINITIALIZED_AUTOS = YES_AGGRESSIVE;
				GCC_WARN_UNUSED_FUNCTION = YES;
				GCC_WARN_UNUSED_VARIABLE = YES;
				IPHONEOS_DEPLOYMENT_TARGET = 13.2;
				MTL_ENABLE_DEBUG_INFO = INCLUDE_SOURCE;
				MTL_FAST_MATH = YES;
				ONLY_ACTIVE_ARCH = YES;
				SDKROOT = iphoneos;
				SWIFT_ACTIVE_COMPILATION_CONDITIONS = DEBUG;
				SWIFT_OPTIMIZATION_LEVEL = "-Onone";
			};
			name = Debug;
		};
		01E966AA242B84CB00941200 /* Release */ = {
			isa = XCBuildConfiguration;
			buildSettings = {
				ALWAYS_SEARCH_USER_PATHS = NO;
				CLANG_ANALYZER_NONNULL = YES;
				CLANG_ANALYZER_NUMBER_OBJECT_CONVERSION = YES_AGGRESSIVE;
				CLANG_CXX_LANGUAGE_STANDARD = "gnu++14";
				CLANG_CXX_LIBRARY = "libc++";
				CLANG_ENABLE_MODULES = YES;
				CLANG_ENABLE_OBJC_ARC = YES;
				CLANG_ENABLE_OBJC_WEAK = YES;
				CLANG_WARN_BLOCK_CAPTURE_AUTORELEASING = YES;
				CLANG_WARN_BOOL_CONVERSION = YES;
				CLANG_WARN_COMMA = YES;
				CLANG_WARN_CONSTANT_CONVERSION = YES;
				CLANG_WARN_DEPRECATED_OBJC_IMPLEMENTATIONS = YES;
				CLANG_WARN_DIRECT_OBJC_ISA_USAGE = YES_ERROR;
				CLANG_WARN_DOCUMENTATION_COMMENTS = YES;
				CLANG_WARN_EMPTY_BODY = YES;
				CLANG_WARN_ENUM_CONVERSION = YES;
				CLANG_WARN_INFINITE_RECURSION = YES;
				CLANG_WARN_INT_CONVERSION = YES;
				CLANG_WARN_NON_LITERAL_NULL_CONVERSION = YES;
				CLANG_WARN_OBJC_IMPLICIT_RETAIN_SELF = YES;
				CLANG_WARN_OBJC_LITERAL_CONVERSION = YES;
				CLANG_WARN_OBJC_ROOT_CLASS = YES_ERROR;
				CLANG_WARN_RANGE_LOOP_ANALYSIS = YES;
				CLANG_WARN_STRICT_PROTOTYPES = YES;
				CLANG_WARN_SUSPICIOUS_MOVE = YES;
				CLANG_WARN_UNGUARDED_AVAILABILITY = YES_AGGRESSIVE;
				CLANG_WARN_UNREACHABLE_CODE = YES;
				CLANG_WARN__DUPLICATE_METHOD_MATCH = YES;
				COPY_PHASE_STRIP = NO;
				DEBUG_INFORMATION_FORMAT = "dwarf-with-dsym";
				ENABLE_NS_ASSERTIONS = NO;
				ENABLE_STRICT_OBJC_MSGSEND = YES;
				GCC_C_LANGUAGE_STANDARD = gnu11;
				GCC_NO_COMMON_BLOCKS = YES;
				GCC_WARN_64_TO_32_BIT_CONVERSION = YES;
				GCC_WARN_ABOUT_RETURN_TYPE = YES_ERROR;
				GCC_WARN_UNDECLARED_SELECTOR = YES;
				GCC_WARN_UNINITIALIZED_AUTOS = YES_AGGRESSIVE;
				GCC_WARN_UNUSED_FUNCTION = YES;
				GCC_WARN_UNUSED_VARIABLE = YES;
				IPHONEOS_DEPLOYMENT_TARGET = 13.2;
				MTL_ENABLE_DEBUG_INFO = NO;
				MTL_FAST_MATH = YES;
				SDKROOT = iphoneos;
				SWIFT_COMPILATION_MODE = wholemodule;
				SWIFT_OPTIMIZATION_LEVEL = "-O";
				VALIDATE_PRODUCT = YES;
			};
			name = Release;
		};
		01E966AC242B84CB00941200 /* Debug */ = {
			isa = XCBuildConfiguration;
			buildSettings = {
				ASSETCATALOG_COMPILER_APPICON_NAME = AppIcon;
				CODE_SIGN_STYLE = Automatic;
				DEVELOPMENT_TEAM = DDCARHDN4A;
				INFOPLIST_FILE = ChatApp/Info.plist;
				LD_RUNPATH_SEARCH_PATHS = (
					"$(inherited)",
					"@executable_path/Frameworks",
				);
				PRODUCT_BUNDLE_IDENTIFIER = innalapteva.ChatApp;
				PRODUCT_NAME = "$(TARGET_NAME)";
				SWIFT_VERSION = 5.0;
				TARGETED_DEVICE_FAMILY = "1,2";
			};
			name = Debug;
		};
		01E966AD242B84CB00941200 /* Release */ = {
			isa = XCBuildConfiguration;
			buildSettings = {
				ASSETCATALOG_COMPILER_APPICON_NAME = AppIcon;
				CODE_SIGN_STYLE = Automatic;
				DEVELOPMENT_TEAM = DDCARHDN4A;
				INFOPLIST_FILE = ChatApp/Info.plist;
				LD_RUNPATH_SEARCH_PATHS = (
					"$(inherited)",
					"@executable_path/Frameworks",
				);
				PRODUCT_BUNDLE_IDENTIFIER = innalapteva.ChatApp;
				PRODUCT_NAME = "$(TARGET_NAME)";
				SWIFT_VERSION = 5.0;
				TARGETED_DEVICE_FAMILY = "1,2";
			};
			name = Release;
		};
/* End XCBuildConfiguration section */

/* Begin XCConfigurationList section */
		01E96692242B84C500941200 /* Build configuration list for PBXProject "ChatApp" */ = {
			isa = XCConfigurationList;
			buildConfigurations = (
				01E966A9242B84CB00941200 /* Debug */,
				01E966AA242B84CB00941200 /* Release */,
			);
			defaultConfigurationIsVisible = 0;
			defaultConfigurationName = Release;
		};
		01E966AB242B84CB00941200 /* Build configuration list for PBXNativeTarget "ChatApp" */ = {
			isa = XCConfigurationList;
			buildConfigurations = (
				01E966AC242B84CB00941200 /* Debug */,
				01E966AD242B84CB00941200 /* Release */,
			);
			defaultConfigurationIsVisible = 0;
			defaultConfigurationName = Release;
		};
/* End XCConfigurationList section */
	};
	rootObject = 01E9668F242B84C500941200 /* Project object */;
}
